// !$*UTF8*$!
{
	archiveVersion = 1;
	classes = {
	};
	objectVersion = 46;
	objects = {

/* Begin PBXBuildFile section */
		430BA1CD1915449200DCF3C4 /* MessageUI.framework in Frameworks */ = {isa = PBXBuildFile; fileRef = 430BA1CC1915449200DCF3C4 /* MessageUI.framework */; };
		432C3FD21917EA6C00C18287 /* TypendiumInfoText.m in Sources */ = {isa = PBXBuildFile; fileRef = 432C3FD11917EA6C00C18287 /* TypendiumInfoText.m */; };
		4331ECE11923988A002C1D50 /* MadeIn.m in Sources */ = {isa = PBXBuildFile; fileRef = 4331ECE01923988A002C1D50 /* MadeIn.m */; };
		4331ECE3192398A3002C1D50 /* MadeIn.xib in Resources */ = {isa = PBXBuildFile; fileRef = 4331ECE2192398A3002C1D50 /* MadeIn.xib */; };
		433D8667191F681F007EE3F9 /* AboutUs.xib in Resources */ = {isa = PBXBuildFile; fileRef = 433D8666191F681F007EE3F9 /* AboutUs.xib */; };
		433D866A191F7225007EE3F9 /* AboutUs.m in Sources */ = {isa = PBXBuildFile; fileRef = 433D8669191F7224007EE3F9 /* AboutUs.m */; };
		433D866C191FB009007EE3F9 /* Section.xib in Resources */ = {isa = PBXBuildFile; fileRef = 433D866B191FB009007EE3F9 /* Section.xib */; };
		433D866F191FB041007EE3F9 /* Section.m in Sources */ = {isa = PBXBuildFile; fileRef = 433D866E191FB041007EE3F9 /* Section.m */; };
		433D8672191FC628007EE3F9 /* StoreKit.framework in Frameworks */ = {isa = PBXBuildFile; fileRef = 433D8671191FC628007EE3F9 /* StoreKit.framework */; };
		434DB2DA18E9F31200DC8E42 /* InfoViewController.m in Sources */ = {isa = PBXBuildFile; fileRef = 434DB2D918E9F31200DC8E42 /* InfoViewController.m */; };
		435BB028191E98B100B762CE /* Reference.xib in Resources */ = {isa = PBXBuildFile; fileRef = 435BB027191E98B100B762CE /* Reference.xib */; };
		435BB02B191E9D9A00B762CE /* Reference.m in Sources */ = {isa = PBXBuildFile; fileRef = 435BB02A191E9D9A00B762CE /* Reference.m */; };
		435F84451927803B00D6AAEA /* SpecialThanks.m in Sources */ = {isa = PBXBuildFile; fileRef = 435F84441927803B00D6AAEA /* SpecialThanks.m */; };
		435F84471927807C00D6AAEA /* SpecialThanks.xib in Resources */ = {isa = PBXBuildFile; fileRef = 435F84461927807C00D6AAEA /* SpecialThanks.xib */; };
		4360D3A81928CE3A003902F3 /* IAPHelper.m in Sources */ = {isa = PBXBuildFile; fileRef = 4360D3A71928CE3A003902F3 /* IAPHelper.m */; };
		4360D3AB1928D1C9003902F3 /* TYPEIAPHelper.m in Sources */ = {isa = PBXBuildFile; fileRef = 4360D3AA1928D1C9003902F3 /* TYPEIAPHelper.m */; };
		4360D3AE1928DAF7003902F3 /* IAPProduct.m in Sources */ = {isa = PBXBuildFile; fileRef = 4360D3AD1928DAF7003902F3 /* IAPProduct.m */; };
		4360D3B919293A06003902F3 /* UnlockViewController.m in Sources */ = {isa = PBXBuildFile; fileRef = 4360D3B819293A06003902F3 /* UnlockViewController.m */; };
		437CD7E218E8C37E00AAD7F6 /* Caption.xib in Resources */ = {isa = PBXBuildFile; fileRef = 437CD7E118E8C37E00AAD7F6 /* Caption.xib */; };
		437CD7E518E8C38A00AAD7F6 /* Caption.m in Sources */ = {isa = PBXBuildFile; fileRef = 437CD7E418E8C38A00AAD7F6 /* Caption.m */; };
		439275FB18F09B8D00353437 /* TypendiumText.m in Sources */ = {isa = PBXBuildFile; fileRef = 439275FA18F09B8D00353437 /* TypendiumText.m */; };
		43961CE918FDC269009E399A /* TutorialViewController.m in Sources */ = {isa = PBXBuildFile; fileRef = 43961CE818FDC269009E399A /* TutorialViewController.m */; };
		43B2C05018F1F296002BE944 /* QuartzCore.framework in Frameworks */ = {isa = PBXBuildFile; fileRef = 43B2C04F18F1F296002BE944 /* QuartzCore.framework */; };
		43BF124018E74BB9009A1C84 /* Foundation.framework in Frameworks */ = {isa = PBXBuildFile; fileRef = 43BF123F18E74BB9009A1C84 /* Foundation.framework */; };
		43BF124218E74BB9009A1C84 /* CoreGraphics.framework in Frameworks */ = {isa = PBXBuildFile; fileRef = 43BF124118E74BB9009A1C84 /* CoreGraphics.framework */; };
		43BF124418E74BB9009A1C84 /* UIKit.framework in Frameworks */ = {isa = PBXBuildFile; fileRef = 43BF124318E74BB9009A1C84 /* UIKit.framework */; };
		43BF124A18E74BB9009A1C84 /* InfoPlist.strings in Resources */ = {isa = PBXBuildFile; fileRef = 43BF124818E74BB9009A1C84 /* InfoPlist.strings */; };
		43BF124C18E74BB9009A1C84 /* main.m in Sources */ = {isa = PBXBuildFile; fileRef = 43BF124B18E74BB9009A1C84 /* main.m */; };
		43BF125018E74BB9009A1C84 /* AppDelegate.m in Sources */ = {isa = PBXBuildFile; fileRef = 43BF124F18E74BB9009A1C84 /* AppDelegate.m */; };
		43BF125318E74BB9009A1C84 /* Main.storyboard in Resources */ = {isa = PBXBuildFile; fileRef = 43BF125118E74BB9009A1C84 /* Main.storyboard */; };
		43BF125618E74BB9009A1C84 /* MainViewController.m in Sources */ = {isa = PBXBuildFile; fileRef = 43BF125518E74BB9009A1C84 /* MainViewController.m */; };
		43BF125818E74BB9009A1C84 /* Images.xcassets in Resources */ = {isa = PBXBuildFile; fileRef = 43BF125718E74BB9009A1C84 /* Images.xcassets */; };
		43BF125F18E74BB9009A1C84 /* XCTest.framework in Frameworks */ = {isa = PBXBuildFile; fileRef = 43BF125E18E74BB9009A1C84 /* XCTest.framework */; };
		43BF126018E74BB9009A1C84 /* Foundation.framework in Frameworks */ = {isa = PBXBuildFile; fileRef = 43BF123F18E74BB9009A1C84 /* Foundation.framework */; };
		43BF126118E74BB9009A1C84 /* UIKit.framework in Frameworks */ = {isa = PBXBuildFile; fileRef = 43BF124318E74BB9009A1C84 /* UIKit.framework */; };
		43BF126918E74BB9009A1C84 /* InfoPlist.strings in Resources */ = {isa = PBXBuildFile; fileRef = 43BF126718E74BB9009A1C84 /* InfoPlist.strings */; };
		43BF126B18E74BBA009A1C84 /* TypendiumTests.m in Sources */ = {isa = PBXBuildFile; fileRef = 43BF126A18E74BBA009A1C84 /* TypendiumTests.m */; };
		43BF127618E74F46009A1C84 /* IntroViewController.m in Sources */ = {isa = PBXBuildFile; fileRef = 43BF127518E74F46009A1C84 /* IntroViewController.m */; };
		43BF127918E754AB009A1C84 /* MenuViewController.m in Sources */ = {isa = PBXBuildFile; fileRef = 43BF127818E754AB009A1C84 /* MenuViewController.m */; };
		43BF127C18E76DF3009A1C84 /* HistoryViewController.m in Sources */ = {isa = PBXBuildFile; fileRef = 43BF127B18E76DF3009A1C84 /* HistoryViewController.m */; };
		43CF7E7C190D64DA0059EFA0 /* NSString+ShareText.m in Sources */ = {isa = PBXBuildFile; fileRef = 43CF7E7B190D64DA0059EFA0 /* NSString+ShareText.m */; };
		43D025421906C6050044BFBF /* UIColor+ScrollColor.m in Sources */ = {isa = PBXBuildFile; fileRef = 43D025411906C6050044BFBF /* UIColor+ScrollColor.m */; };
		43DD1A4218E82A0600B43DE3 /* TextViewController.m in Sources */ = {isa = PBXBuildFile; fileRef = 43DD1A4118E82A0600B43DE3 /* TextViewController.m */; };
		43DD1A4418E82B2000B43DE3 /* Paragraph.xib in Resources */ = {isa = PBXBuildFile; fileRef = 43DD1A4318E82B2000B43DE3 /* Paragraph.xib */; };
		43DD1A4618E82EBD00B43DE3 /* Image.xib in Resources */ = {isa = PBXBuildFile; fileRef = 43DD1A4518E82EBD00B43DE3 /* Image.xib */; };
		43DD1A4918E8304700B43DE3 /* Paragraph.m in Sources */ = {isa = PBXBuildFile; fileRef = 43DD1A4818E8304700B43DE3 /* Paragraph.m */; };
		43DD1A4C18E834AC00B43DE3 /* Title.m in Sources */ = {isa = PBXBuildFile; fileRef = 43DD1A4B18E834AC00B43DE3 /* Title.m */; };
		43DD1A4F18E836EF00B43DE3 /* Image.m in Sources */ = {isa = PBXBuildFile; fileRef = 43DD1A4E18E836EF00B43DE3 /* Image.m */; };
		43DD1A5118E8375700B43DE3 /* Title.xib in Resources */ = {isa = PBXBuildFile; fileRef = 43DD1A5018E8375700B43DE3 /* Title.xib */; };
		43DD1A5318E8472D00B43DE3 /* Quote.xib in Resources */ = {isa = PBXBuildFile; fileRef = 43DD1A5218E8472D00B43DE3 /* Quote.xib */; };
		43DD1A5618E8485C00B43DE3 /* Quote.m in Sources */ = {isa = PBXBuildFile; fileRef = 43DD1A5518E8485C00B43DE3 /* Quote.m */; };
		43DD1A5818E852C800B43DE3 /* Typendium.plist in Resources */ = {isa = PBXBuildFile; fileRef = 43DD1A5718E852C800B43DE3 /* Typendium.plist */; };
		43F1FB20190510700046A934 /* TypendiumTutorial.mp4 in Resources */ = {isa = PBXBuildFile; fileRef = 43F1FB1F190510700046A934 /* TypendiumTutorial.mp4 */; };
		43FB18F7191279FC00E5DDF8 /* InfoTextViewController.m in Sources */ = {isa = PBXBuildFile; fileRef = 43FB18F6191279FC00E5DDF8 /* InfoTextViewController.m */; };
		4F64EAD218FAC9CF000B0210 /* UIColor+CustomColors.m in Sources */ = {isa = PBXBuildFile; fileRef = 4F64EAD118FAC9CF000B0210 /* UIColor+CustomColors.m */; };
/* End PBXBuildFile section */

/* Begin PBXContainerItemProxy section */
		43BF126218E74BB9009A1C84 /* PBXContainerItemProxy */ = {
			isa = PBXContainerItemProxy;
			containerPortal = 43BF123418E74BB9009A1C84 /* Project object */;
			proxyType = 1;
			remoteGlobalIDString = 43BF123B18E74BB9009A1C84;
			remoteInfo = Typendium;
		};
/* End PBXContainerItemProxy section */

/* Begin PBXFileReference section */
		430BA1CC1915449200DCF3C4 /* MessageUI.framework */ = {isa = PBXFileReference; lastKnownFileType = wrapper.framework; name = MessageUI.framework; path = System/Library/Frameworks/MessageUI.framework; sourceTree = SDKROOT; };
		432C3FD01917EA6C00C18287 /* TypendiumInfoText.h */ = {isa = PBXFileReference; fileEncoding = 4; lastKnownFileType = sourcecode.c.h; path = TypendiumInfoText.h; sourceTree = "<group>"; };
		432C3FD11917EA6C00C18287 /* TypendiumInfoText.m */ = {isa = PBXFileReference; fileEncoding = 4; lastKnownFileType = sourcecode.c.objc; path = TypendiumInfoText.m; sourceTree = "<group>"; };
		4331ECDF1923988A002C1D50 /* MadeIn.h */ = {isa = PBXFileReference; fileEncoding = 4; lastKnownFileType = sourcecode.c.h; path = MadeIn.h; sourceTree = "<group>"; };
		4331ECE01923988A002C1D50 /* MadeIn.m */ = {isa = PBXFileReference; fileEncoding = 4; lastKnownFileType = sourcecode.c.objc; path = MadeIn.m; sourceTree = "<group>"; };
		4331ECE2192398A3002C1D50 /* MadeIn.xib */ = {isa = PBXFileReference; fileEncoding = 4; lastKnownFileType = file.xib; path = MadeIn.xib; sourceTree = "<group>"; };
		433D8666191F681F007EE3F9 /* AboutUs.xib */ = {isa = PBXFileReference; fileEncoding = 4; lastKnownFileType = file.xib; path = AboutUs.xib; sourceTree = "<group>"; };
		433D8668191F7224007EE3F9 /* AboutUs.h */ = {isa = PBXFileReference; fileEncoding = 4; lastKnownFileType = sourcecode.c.h; path = AboutUs.h; sourceTree = "<group>"; };
		433D8669191F7224007EE3F9 /* AboutUs.m */ = {isa = PBXFileReference; fileEncoding = 4; lastKnownFileType = sourcecode.c.objc; path = AboutUs.m; sourceTree = "<group>"; };
		433D866B191FB009007EE3F9 /* Section.xib */ = {isa = PBXFileReference; fileEncoding = 4; lastKnownFileType = file.xib; path = Section.xib; sourceTree = "<group>"; };
		433D866D191FB041007EE3F9 /* Section.h */ = {isa = PBXFileReference; fileEncoding = 4; lastKnownFileType = sourcecode.c.h; path = Section.h; sourceTree = "<group>"; };
		433D866E191FB041007EE3F9 /* Section.m */ = {isa = PBXFileReference; fileEncoding = 4; lastKnownFileType = sourcecode.c.objc; path = Section.m; sourceTree = "<group>"; };
		433D8671191FC628007EE3F9 /* StoreKit.framework */ = {isa = PBXFileReference; lastKnownFileType = wrapper.framework; name = StoreKit.framework; path = System/Library/Frameworks/StoreKit.framework; sourceTree = SDKROOT; };
		434DB2D818E9F31200DC8E42 /* InfoViewController.h */ = {isa = PBXFileReference; fileEncoding = 4; lastKnownFileType = sourcecode.c.h; path = InfoViewController.h; sourceTree = "<group>"; };
		434DB2D918E9F31200DC8E42 /* InfoViewController.m */ = {isa = PBXFileReference; fileEncoding = 4; lastKnownFileType = sourcecode.c.objc; path = InfoViewController.m; sourceTree = "<group>"; };
		435BB027191E98B100B762CE /* Reference.xib */ = {isa = PBXFileReference; fileEncoding = 4; lastKnownFileType = file.xib; name = Reference.xib; path = ../Reference.xib; sourceTree = "<group>"; };
		435BB029191E9D9A00B762CE /* Reference.h */ = {isa = PBXFileReference; fileEncoding = 4; lastKnownFileType = sourcecode.c.h; path = Reference.h; sourceTree = "<group>"; };
		435BB02A191E9D9A00B762CE /* Reference.m */ = {isa = PBXFileReference; fileEncoding = 4; lastKnownFileType = sourcecode.c.objc; path = Reference.m; sourceTree = "<group>"; };
		435F84431927803B00D6AAEA /* SpecialThanks.h */ = {isa = PBXFileReference; fileEncoding = 4; lastKnownFileType = sourcecode.c.h; path = SpecialThanks.h; sourceTree = "<group>"; };
		435F84441927803B00D6AAEA /* SpecialThanks.m */ = {isa = PBXFileReference; fileEncoding = 4; lastKnownFileType = sourcecode.c.objc; path = SpecialThanks.m; sourceTree = "<group>"; };
		435F84461927807C00D6AAEA /* SpecialThanks.xib */ = {isa = PBXFileReference; fileEncoding = 4; lastKnownFileType = file.xib; path = SpecialThanks.xib; sourceTree = "<group>"; };
		4360D3A61928CE3A003902F3 /* IAPHelper.h */ = {isa = PBXFileReference; fileEncoding = 4; lastKnownFileType = sourcecode.c.h; path = IAPHelper.h; sourceTree = "<group>"; };
		4360D3A71928CE3A003902F3 /* IAPHelper.m */ = {isa = PBXFileReference; fileEncoding = 4; lastKnownFileType = sourcecode.c.objc; path = IAPHelper.m; sourceTree = "<group>"; };
		4360D3A91928D1C9003902F3 /* TYPEIAPHelper.h */ = {isa = PBXFileReference; fileEncoding = 4; lastKnownFileType = sourcecode.c.h; path = TYPEIAPHelper.h; sourceTree = "<group>"; };
		4360D3AA1928D1C9003902F3 /* TYPEIAPHelper.m */ = {isa = PBXFileReference; fileEncoding = 4; lastKnownFileType = sourcecode.c.objc; path = TYPEIAPHelper.m; sourceTree = "<group>"; };
		4360D3AC1928DAF7003902F3 /* IAPProduct.h */ = {isa = PBXFileReference; fileEncoding = 4; lastKnownFileType = sourcecode.c.h; path = IAPProduct.h; sourceTree = "<group>"; };
		4360D3AD1928DAF7003902F3 /* IAPProduct.m */ = {isa = PBXFileReference; fileEncoding = 4; lastKnownFileType = sourcecode.c.objc; path = IAPProduct.m; sourceTree = "<group>"; };
		4360D3B5192933D2003902F3 /* Security.framework */ = {isa = PBXFileReference; lastKnownFileType = wrapper.framework; name = Security.framework; path = System/Library/Frameworks/Security.framework; sourceTree = SDKROOT; };
		4360D3B719293A06003902F3 /* UnlockViewController.h */ = {isa = PBXFileReference; fileEncoding = 4; lastKnownFileType = sourcecode.c.h; path = UnlockViewController.h; sourceTree = "<group>"; };
		4360D3B819293A06003902F3 /* UnlockViewController.m */ = {isa = PBXFileReference; fileEncoding = 4; lastKnownFileType = sourcecode.c.objc; path = UnlockViewController.m; sourceTree = "<group>"; };
		437CD7E118E8C37E00AAD7F6 /* Caption.xib */ = {isa = PBXFileReference; fileEncoding = 4; lastKnownFileType = file.xib; name = Caption.xib; path = XIBs/Caption.xib; sourceTree = "<group>"; };
		437CD7E318E8C38A00AAD7F6 /* Caption.h */ = {isa = PBXFileReference; fileEncoding = 4; lastKnownFileType = sourcecode.c.h; path = Caption.h; sourceTree = "<group>"; };
		437CD7E418E8C38A00AAD7F6 /* Caption.m */ = {isa = PBXFileReference; fileEncoding = 4; lastKnownFileType = sourcecode.c.objc; path = Caption.m; sourceTree = "<group>"; };
		439275F918F09B8D00353437 /* TypendiumText.h */ = {isa = PBXFileReference; fileEncoding = 4; lastKnownFileType = sourcecode.c.h; path = TypendiumText.h; sourceTree = "<group>"; };
		439275FA18F09B8D00353437 /* TypendiumText.m */ = {isa = PBXFileReference; fileEncoding = 4; lastKnownFileType = sourcecode.c.objc; path = TypendiumText.m; sourceTree = "<group>"; };
		43961CE718FDC269009E399A /* TutorialViewController.h */ = {isa = PBXFileReference; fileEncoding = 4; lastKnownFileType = sourcecode.c.h; path = TutorialViewController.h; sourceTree = "<group>"; };
		43961CE818FDC269009E399A /* TutorialViewController.m */ = {isa = PBXFileReference; fileEncoding = 4; lastKnownFileType = sourcecode.c.objc; path = TutorialViewController.m; sourceTree = "<group>"; };
		43B2C04F18F1F296002BE944 /* QuartzCore.framework */ = {isa = PBXFileReference; lastKnownFileType = wrapper.framework; name = QuartzCore.framework; path = System/Library/Frameworks/QuartzCore.framework; sourceTree = SDKROOT; };
		43BF123C18E74BB9009A1C84 /* Typendium.app */ = {isa = PBXFileReference; explicitFileType = wrapper.application; includeInIndex = 0; path = Typendium.app; sourceTree = BUILT_PRODUCTS_DIR; };
		43BF123F18E74BB9009A1C84 /* Foundation.framework */ = {isa = PBXFileReference; lastKnownFileType = wrapper.framework; name = Foundation.framework; path = System/Library/Frameworks/Foundation.framework; sourceTree = SDKROOT; };
		43BF124118E74BB9009A1C84 /* CoreGraphics.framework */ = {isa = PBXFileReference; lastKnownFileType = wrapper.framework; name = CoreGraphics.framework; path = System/Library/Frameworks/CoreGraphics.framework; sourceTree = SDKROOT; };
		43BF124318E74BB9009A1C84 /* UIKit.framework */ = {isa = PBXFileReference; lastKnownFileType = wrapper.framework; name = UIKit.framework; path = System/Library/Frameworks/UIKit.framework; sourceTree = SDKROOT; };
		43BF124718E74BB9009A1C84 /* Typendium-Info.plist */ = {isa = PBXFileReference; lastKnownFileType = text.plist.xml; path = "Typendium-Info.plist"; sourceTree = "<group>"; };
		43BF124918E74BB9009A1C84 /* en */ = {isa = PBXFileReference; lastKnownFileType = text.plist.strings; name = en; path = en.lproj/InfoPlist.strings; sourceTree = "<group>"; };
		43BF124B18E74BB9009A1C84 /* main.m */ = {isa = PBXFileReference; lastKnownFileType = sourcecode.c.objc; path = main.m; sourceTree = "<group>"; };
		43BF124D18E74BB9009A1C84 /* Typendium-Prefix.pch */ = {isa = PBXFileReference; lastKnownFileType = sourcecode.c.h; path = "Typendium-Prefix.pch"; sourceTree = "<group>"; };
		43BF124E18E74BB9009A1C84 /* AppDelegate.h */ = {isa = PBXFileReference; lastKnownFileType = sourcecode.c.h; path = AppDelegate.h; sourceTree = "<group>"; };
		43BF124F18E74BB9009A1C84 /* AppDelegate.m */ = {isa = PBXFileReference; lastKnownFileType = sourcecode.c.objc; path = AppDelegate.m; sourceTree = "<group>"; };
		43BF125218E74BB9009A1C84 /* Base */ = {isa = PBXFileReference; lastKnownFileType = file.storyboard; name = Base; path = Base.lproj/Main.storyboard; sourceTree = "<group>"; };
		43BF125418E74BB9009A1C84 /* MainViewController.h */ = {isa = PBXFileReference; lastKnownFileType = sourcecode.c.h; path = MainViewController.h; sourceTree = "<group>"; };
		43BF125518E74BB9009A1C84 /* MainViewController.m */ = {isa = PBXFileReference; lastKnownFileType = sourcecode.c.objc; path = MainViewController.m; sourceTree = "<group>"; };
		43BF125718E74BB9009A1C84 /* Images.xcassets */ = {isa = PBXFileReference; lastKnownFileType = folder.assetcatalog; path = Images.xcassets; sourceTree = "<group>"; };
		43BF125D18E74BB9009A1C84 /* TypendiumTests.xctest */ = {isa = PBXFileReference; explicitFileType = wrapper.cfbundle; includeInIndex = 0; path = TypendiumTests.xctest; sourceTree = BUILT_PRODUCTS_DIR; };
		43BF125E18E74BB9009A1C84 /* XCTest.framework */ = {isa = PBXFileReference; lastKnownFileType = wrapper.framework; name = XCTest.framework; path = Library/Frameworks/XCTest.framework; sourceTree = DEVELOPER_DIR; };
		43BF126618E74BB9009A1C84 /* TypendiumTests-Info.plist */ = {isa = PBXFileReference; lastKnownFileType = text.plist.xml; path = "TypendiumTests-Info.plist"; sourceTree = "<group>"; };
		43BF126818E74BB9009A1C84 /* en */ = {isa = PBXFileReference; lastKnownFileType = text.plist.strings; name = en; path = en.lproj/InfoPlist.strings; sourceTree = "<group>"; };
		43BF126A18E74BBA009A1C84 /* TypendiumTests.m */ = {isa = PBXFileReference; lastKnownFileType = sourcecode.c.objc; path = TypendiumTests.m; sourceTree = "<group>"; };
		43BF127418E74F46009A1C84 /* IntroViewController.h */ = {isa = PBXFileReference; fileEncoding = 4; lastKnownFileType = sourcecode.c.h; name = IntroViewController.h; path = Intro/IntroViewController.h; sourceTree = "<group>"; };
		43BF127518E74F46009A1C84 /* IntroViewController.m */ = {isa = PBXFileReference; fileEncoding = 4; lastKnownFileType = sourcecode.c.objc; name = IntroViewController.m; path = Intro/IntroViewController.m; sourceTree = "<group>"; };
		43BF127718E754AB009A1C84 /* MenuViewController.h */ = {isa = PBXFileReference; fileEncoding = 4; lastKnownFileType = sourcecode.c.h; name = MenuViewController.h; path = Menu/MenuViewController.h; sourceTree = "<group>"; };
		43BF127818E754AB009A1C84 /* MenuViewController.m */ = {isa = PBXFileReference; fileEncoding = 4; lastKnownFileType = sourcecode.c.objc; name = MenuViewController.m; path = Menu/MenuViewController.m; sourceTree = "<group>"; };
		43BF127A18E76DF3009A1C84 /* HistoryViewController.h */ = {isa = PBXFileReference; fileEncoding = 4; lastKnownFileType = sourcecode.c.h; name = HistoryViewController.h; path = History/HistoryViewController.h; sourceTree = "<group>"; };
		43BF127B18E76DF3009A1C84 /* HistoryViewController.m */ = {isa = PBXFileReference; fileEncoding = 4; lastKnownFileType = sourcecode.c.objc; name = HistoryViewController.m; path = History/HistoryViewController.m; sourceTree = "<group>"; };
		43CF7E7A190D64DA0059EFA0 /* NSString+ShareText.h */ = {isa = PBXFileReference; fileEncoding = 4; lastKnownFileType = sourcecode.c.h; path = "NSString+ShareText.h"; sourceTree = "<group>"; };
		43CF7E7B190D64DA0059EFA0 /* NSString+ShareText.m */ = {isa = PBXFileReference; fileEncoding = 4; lastKnownFileType = sourcecode.c.objc; path = "NSString+ShareText.m"; sourceTree = "<group>"; };
		43D025401906C6050044BFBF /* UIColor+ScrollColor.h */ = {isa = PBXFileReference; fileEncoding = 4; lastKnownFileType = sourcecode.c.h; path = "UIColor+ScrollColor.h"; sourceTree = "<group>"; };
		43D025411906C6050044BFBF /* UIColor+ScrollColor.m */ = {isa = PBXFileReference; fileEncoding = 4; lastKnownFileType = sourcecode.c.objc; path = "UIColor+ScrollColor.m"; sourceTree = "<group>"; };
		43DD1A4018E82A0600B43DE3 /* TextViewController.h */ = {isa = PBXFileReference; fileEncoding = 4; lastKnownFileType = sourcecode.c.h; name = TextViewController.h; path = Text/TextViewController.h; sourceTree = "<group>"; };
		43DD1A4118E82A0600B43DE3 /* TextViewController.m */ = {isa = PBXFileReference; fileEncoding = 4; lastKnownFileType = sourcecode.c.objc; name = TextViewController.m; path = Text/TextViewController.m; sourceTree = "<group>"; };
		43DD1A4318E82B2000B43DE3 /* Paragraph.xib */ = {isa = PBXFileReference; fileEncoding = 4; lastKnownFileType = file.xib; name = Paragraph.xib; path = XIBs/Paragraph.xib; sourceTree = "<group>"; };
		43DD1A4518E82EBD00B43DE3 /* Image.xib */ = {isa = PBXFileReference; fileEncoding = 4; lastKnownFileType = file.xib; path = Image.xib; sourceTree = "<group>"; };
		43DD1A4718E8304700B43DE3 /* Paragraph.h */ = {isa = PBXFileReference; fileEncoding = 4; lastKnownFileType = sourcecode.c.h; path = Paragraph.h; sourceTree = "<group>"; };
		43DD1A4818E8304700B43DE3 /* Paragraph.m */ = {isa = PBXFileReference; fileEncoding = 4; lastKnownFileType = sourcecode.c.objc; path = Paragraph.m; sourceTree = "<group>"; };
		43DD1A4A18E834AC00B43DE3 /* Title.h */ = {isa = PBXFileReference; fileEncoding = 4; lastKnownFileType = sourcecode.c.h; path = Title.h; sourceTree = "<group>"; };
		43DD1A4B18E834AC00B43DE3 /* Title.m */ = {isa = PBXFileReference; fileEncoding = 4; lastKnownFileType = sourcecode.c.objc; path = Title.m; sourceTree = "<group>"; };
		43DD1A4D18E836EF00B43DE3 /* Image.h */ = {isa = PBXFileReference; fileEncoding = 4; lastKnownFileType = sourcecode.c.h; path = Image.h; sourceTree = "<group>"; };
		43DD1A4E18E836EF00B43DE3 /* Image.m */ = {isa = PBXFileReference; fileEncoding = 4; lastKnownFileType = sourcecode.c.objc; path = Image.m; sourceTree = "<group>"; };
		43DD1A5018E8375700B43DE3 /* Title.xib */ = {isa = PBXFileReference; fileEncoding = 4; lastKnownFileType = file.xib; path = Title.xib; sourceTree = "<group>"; };
		43DD1A5218E8472D00B43DE3 /* Quote.xib */ = {isa = PBXFileReference; fileEncoding = 4; lastKnownFileType = file.xib; path = Quote.xib; sourceTree = "<group>"; };
		43DD1A5418E8485C00B43DE3 /* Quote.h */ = {isa = PBXFileReference; fileEncoding = 4; lastKnownFileType = sourcecode.c.h; path = Quote.h; sourceTree = "<group>"; };
		43DD1A5518E8485C00B43DE3 /* Quote.m */ = {isa = PBXFileReference; fileEncoding = 4; lastKnownFileType = sourcecode.c.objc; path = Quote.m; sourceTree = "<group>"; };
		43DD1A5718E852C800B43DE3 /* Typendium.plist */ = {isa = PBXFileReference; fileEncoding = 4; lastKnownFileType = text.plist.xml; path = Typendium.plist; sourceTree = "<group>"; };
		43F1FB1F190510700046A934 /* TypendiumTutorial.mp4 */ = {isa = PBXFileReference; lastKnownFileType = file; path = TypendiumTutorial.mp4; sourceTree = "<group>"; };
		43F1FB21190556F80046A934 /* MoveViewsDelegate.h */ = {isa = PBXFileReference; fileEncoding = 4; lastKnownFileType = sourcecode.c.h; path = MoveViewsDelegate.h; sourceTree = "<group>"; };
		43F1FB221905634C0046A934 /* DetectCurrentPageDelegate.h */ = {isa = PBXFileReference; fileEncoding = 4; lastKnownFileType = sourcecode.c.h; path = DetectCurrentPageDelegate.h; sourceTree = "<group>"; };
		43FB18F5191279FC00E5DDF8 /* InfoTextViewController.h */ = {isa = PBXFileReference; fileEncoding = 4; lastKnownFileType = sourcecode.c.h; path = InfoTextViewController.h; sourceTree = "<group>"; };
		43FB18F6191279FC00E5DDF8 /* InfoTextViewController.m */ = {isa = PBXFileReference; fileEncoding = 4; lastKnownFileType = sourcecode.c.objc; path = InfoTextViewController.m; sourceTree = "<group>"; };
		4F64EAD018FAC9CF000B0210 /* UIColor+CustomColors.h */ = {isa = PBXFileReference; fileEncoding = 4; lastKnownFileType = sourcecode.c.h; path = "UIColor+CustomColors.h"; sourceTree = "<group>"; };
		4F64EAD118FAC9CF000B0210 /* UIColor+CustomColors.m */ = {isa = PBXFileReference; fileEncoding = 4; lastKnownFileType = sourcecode.c.objc; path = "UIColor+CustomColors.m"; sourceTree = "<group>"; };
/* End PBXFileReference section */

/* Begin PBXFrameworksBuildPhase section */
		43BF123918E74BB9009A1C84 /* Frameworks */ = {
			isa = PBXFrameworksBuildPhase;
			buildActionMask = 2147483647;
			files = (
				433D8672191FC628007EE3F9 /* StoreKit.framework in Frameworks */,
				430BA1CD1915449200DCF3C4 /* MessageUI.framework in Frameworks */,
				43B2C05018F1F296002BE944 /* QuartzCore.framework in Frameworks */,
				43BF124218E74BB9009A1C84 /* CoreGraphics.framework in Frameworks */,
				43BF124418E74BB9009A1C84 /* UIKit.framework in Frameworks */,
				43BF124018E74BB9009A1C84 /* Foundation.framework in Frameworks */,
			);
			runOnlyForDeploymentPostprocessing = 0;
		};
		43BF125A18E74BB9009A1C84 /* Frameworks */ = {
			isa = PBXFrameworksBuildPhase;
			buildActionMask = 2147483647;
			files = (
				43BF125F18E74BB9009A1C84 /* XCTest.framework in Frameworks */,
				43BF126118E74BB9009A1C84 /* UIKit.framework in Frameworks */,
				43BF126018E74BB9009A1C84 /* Foundation.framework in Frameworks */,
			);
			runOnlyForDeploymentPostprocessing = 0;
		};
/* End PBXFrameworksBuildPhase section */

/* Begin PBXGroup section */
		432C3FCE1917DEDA00C18287 /* Categories */ = {
			isa = PBXGroup;
			children = (
				43D025401906C6050044BFBF /* UIColor+ScrollColor.h */,
				43D025411906C6050044BFBF /* UIColor+ScrollColor.m */,
				4F64EAD018FAC9CF000B0210 /* UIColor+CustomColors.h */,
				4F64EAD118FAC9CF000B0210 /* UIColor+CustomColors.m */,
				43CF7E7A190D64DA0059EFA0 /* NSString+ShareText.h */,
				43CF7E7B190D64DA0059EFA0 /* NSString+ShareText.m */,
			);
			name = Categories;
			sourceTree = "<group>";
		};
		432C3FCF1917DEE800C18287 /* Videos */ = {
			isa = PBXGroup;
			children = (
				43F1FB1F190510700046A934 /* TypendiumTutorial.mp4 */,
			);
			name = Videos;
			sourceTree = "<group>";
		};
		433D8670191FB045007EE3F9 /* Section */ = {
			isa = PBXGroup;
			children = (
				433D866B191FB009007EE3F9 /* Section.xib */,
				433D866D191FB041007EE3F9 /* Section.h */,
				433D866E191FB041007EE3F9 /* Section.m */,
			);
			name = Section;
			sourceTree = "<group>";
		};
		434DB2D718E9F23300DC8E42 /* Page Maker */ = {
			isa = PBXGroup;
			children = (
				43DD1A4D18E836EF00B43DE3 /* Image.h */,
				43DD1A4E18E836EF00B43DE3 /* Image.m */,
				43DD1A4A18E834AC00B43DE3 /* Title.h */,
				43DD1A4B18E834AC00B43DE3 /* Title.m */,
				43DD1A5018E8375700B43DE3 /* Title.xib */,
				43DD1A4718E8304700B43DE3 /* Paragraph.h */,
				43DD1A4818E8304700B43DE3 /* Paragraph.m */,
				43DD1A4318E82B2000B43DE3 /* Paragraph.xib */,
				437CD7E318E8C38A00AAD7F6 /* Caption.h */,
				437CD7E418E8C38A00AAD7F6 /* Caption.m */,
				437CD7E118E8C37E00AAD7F6 /* Caption.xib */,
				43DD1A4518E82EBD00B43DE3 /* Image.xib */,
				43DD1A5218E8472D00B43DE3 /* Quote.xib */,
				43DD1A5418E8485C00B43DE3 /* Quote.h */,
				43DD1A5518E8485C00B43DE3 /* Quote.m */,
				435BB027191E98B100B762CE /* Reference.xib */,
				435BB029191E9D9A00B762CE /* Reference.h */,
				435BB02A191E9D9A00B762CE /* Reference.m */,
				433D8666191F681F007EE3F9 /* AboutUs.xib */,
				433D8668191F7224007EE3F9 /* AboutUs.h */,
				433D8669191F7224007EE3F9 /* AboutUs.m */,
				4331ECDF1923988A002C1D50 /* MadeIn.h */,
				4331ECE01923988A002C1D50 /* MadeIn.m */,
				4331ECE2192398A3002C1D50 /* MadeIn.xib */,
				435F84431927803B00D6AAEA /* SpecialThanks.h */,
				435F84441927803B00D6AAEA /* SpecialThanks.m */,
				435F84461927807C00D6AAEA /* SpecialThanks.xib */,
				433D8670191FB045007EE3F9 /* Section */,
			);
			name = "Page Maker";
			sourceTree = "<group>";
		};
		4360D3A51928CE15003902F3 /* In-App Purchases */ = {
			isa = PBXGroup;
			children = (
				4360D3A61928CE3A003902F3 /* IAPHelper.h */,
				4360D3A71928CE3A003902F3 /* IAPHelper.m */,
				4360D3A91928D1C9003902F3 /* TYPEIAPHelper.h */,
				4360D3AA1928D1C9003902F3 /* TYPEIAPHelper.m */,
				4360D3AC1928DAF7003902F3 /* IAPProduct.h */,
				4360D3AD1928DAF7003902F3 /* IAPProduct.m */,
			);
			name = "In-App Purchases";
			sourceTree = "<group>";
		};
		439580B71912D6440066C44D /* Info */ = {
			isa = PBXGroup;
			children = (
				434DB2D818E9F31200DC8E42 /* InfoViewController.h */,
				434DB2D918E9F31200DC8E42 /* InfoViewController.m */,
				43FB18F5191279FC00E5DDF8 /* InfoTextViewController.h */,
				43FB18F6191279FC00E5DDF8 /* InfoTextViewController.m */,
				432C3FD01917EA6C00C18287 /* TypendiumInfoText.h */,
				432C3FD11917EA6C00C18287 /* TypendiumInfoText.m */,
			);
			name = Info;
			sourceTree = "<group>";
		};
		439580B81912D6510066C44D /* History */ = {
			isa = PBXGroup;
			children = (
				43BF127A18E76DF3009A1C84 /* HistoryViewController.h */,
				43BF127B18E76DF3009A1C84 /* HistoryViewController.m */,
				43DD1A4018E82A0600B43DE3 /* TextViewController.h */,
				43DD1A4118E82A0600B43DE3 /* TextViewController.m */,
				439275F918F09B8D00353437 /* TypendiumText.h */,
				439275FA18F09B8D00353437 /* TypendiumText.m */,
			);
			name = History;
			sourceTree = "<group>";
		};
		43BF123318E74BB9009A1C84 = {
			isa = PBXGroup;
			children = (
				43BF124518E74BB9009A1C84 /* Typendium */,
				43BF126418E74BB9009A1C84 /* TypendiumTests */,
				43BF123E18E74BB9009A1C84 /* Frameworks */,
				43BF123D18E74BB9009A1C84 /* Products */,
			);
			sourceTree = "<group>";
		};
		43BF123D18E74BB9009A1C84 /* Products */ = {
			isa = PBXGroup;
			children = (
				43BF123C18E74BB9009A1C84 /* Typendium.app */,
				43BF125D18E74BB9009A1C84 /* TypendiumTests.xctest */,
			);
			name = Products;
			sourceTree = "<group>";
		};
		43BF123E18E74BB9009A1C84 /* Frameworks */ = {
			isa = PBXGroup;
			children = (
				4360D3B5192933D2003902F3 /* Security.framework */,
				433D8671191FC628007EE3F9 /* StoreKit.framework */,
				430BA1CC1915449200DCF3C4 /* MessageUI.framework */,
				43B2C04F18F1F296002BE944 /* QuartzCore.framework */,
				43BF123F18E74BB9009A1C84 /* Foundation.framework */,
				43BF124118E74BB9009A1C84 /* CoreGraphics.framework */,
				43BF124318E74BB9009A1C84 /* UIKit.framework */,
				43BF125E18E74BB9009A1C84 /* XCTest.framework */,
			);
			name = Frameworks;
			sourceTree = "<group>";
		};
		43BF124518E74BB9009A1C84 /* Typendium */ = {
			isa = PBXGroup;
			children = (
				43BF124E18E74BB9009A1C84 /* AppDelegate.h */,
				43BF124F18E74BB9009A1C84 /* AppDelegate.m */,
				43BF125118E74BB9009A1C84 /* Main.storyboard */,
				43F1FB21190556F80046A934 /* MoveViewsDelegate.h */,
				4360D3A51928CE15003902F3 /* In-App Purchases */,
				43F1FB221905634C0046A934 /* DetectCurrentPageDelegate.h */,
				43BF125418E74BB9009A1C84 /* MainViewController.h */,
				43BF125518E74BB9009A1C84 /* MainViewController.m */,
				43961CE718FDC269009E399A /* TutorialViewController.h */,
				43961CE818FDC269009E399A /* TutorialViewController.m */,
				4360D3B719293A06003902F3 /* UnlockViewController.h */,
				4360D3B819293A06003902F3 /* UnlockViewController.m */,
				43BF127418E74F46009A1C84 /* IntroViewController.h */,
				43BF127518E74F46009A1C84 /* IntroViewController.m */,
				43BF127718E754AB009A1C84 /* MenuViewController.h */,
				43BF127818E754AB009A1C84 /* MenuViewController.m */,
				439580B81912D6510066C44D /* History */,
				439580B71912D6440066C44D /* Info */,
				432C3FCE1917DEDA00C18287 /* Categories */,
				432C3FCF1917DEE800C18287 /* Videos */,
				434DB2D718E9F23300DC8E42 /* Page Maker */,
				43DD1A5718E852C800B43DE3 /* Typendium.plist */,
				43BF125718E74BB9009A1C84 /* Images.xcassets */,
				43BF124618E74BB9009A1C84 /* Supporting Files */,
			);
			path = Typendium;
			sourceTree = "<group>";
		};
		43BF124618E74BB9009A1C84 /* Supporting Files */ = {
			isa = PBXGroup;
			children = (
				43BF124718E74BB9009A1C84 /* Typendium-Info.plist */,
				43BF124818E74BB9009A1C84 /* InfoPlist.strings */,
				43BF124B18E74BB9009A1C84 /* main.m */,
				43BF124D18E74BB9009A1C84 /* Typendium-Prefix.pch */,
			);
			name = "Supporting Files";
			sourceTree = "<group>";
		};
		43BF126418E74BB9009A1C84 /* TypendiumTests */ = {
			isa = PBXGroup;
			children = (
				43BF126A18E74BBA009A1C84 /* TypendiumTests.m */,
				43BF126518E74BB9009A1C84 /* Supporting Files */,
			);
			path = TypendiumTests;
			sourceTree = "<group>";
		};
		43BF126518E74BB9009A1C84 /* Supporting Files */ = {
			isa = PBXGroup;
			children = (
				43BF126618E74BB9009A1C84 /* TypendiumTests-Info.plist */,
				43BF126718E74BB9009A1C84 /* InfoPlist.strings */,
			);
			name = "Supporting Files";
			sourceTree = "<group>";
		};
/* End PBXGroup section */

/* Begin PBXNativeTarget section */
		43BF123B18E74BB9009A1C84 /* Typendium */ = {
			isa = PBXNativeTarget;
			buildConfigurationList = 43BF126E18E74BBA009A1C84 /* Build configuration list for PBXNativeTarget "Typendium" */;
			buildPhases = (
				43BF123818E74BB9009A1C84 /* Sources */,
				43BF123918E74BB9009A1C84 /* Frameworks */,
				43BF123A18E74BB9009A1C84 /* Resources */,
			);
			buildRules = (
			);
			dependencies = (
			);
			name = Typendium;
			productName = Typendium;
			productReference = 43BF123C18E74BB9009A1C84 /* Typendium.app */;
			productType = "com.apple.product-type.application";
		};
		43BF125C18E74BB9009A1C84 /* TypendiumTests */ = {
			isa = PBXNativeTarget;
			buildConfigurationList = 43BF127118E74BBA009A1C84 /* Build configuration list for PBXNativeTarget "TypendiumTests" */;
			buildPhases = (
				43BF125918E74BB9009A1C84 /* Sources */,
				43BF125A18E74BB9009A1C84 /* Frameworks */,
				43BF125B18E74BB9009A1C84 /* Resources */,
			);
			buildRules = (
			);
			dependencies = (
				43BF126318E74BB9009A1C84 /* PBXTargetDependency */,
			);
			name = TypendiumTests;
			productName = TypendiumTests;
			productReference = 43BF125D18E74BB9009A1C84 /* TypendiumTests.xctest */;
			productType = "com.apple.product-type.bundle.unit-test";
		};
/* End PBXNativeTarget section */

/* Begin PBXProject section */
		43BF123418E74BB9009A1C84 /* Project object */ = {
			isa = PBXProject;
			attributes = {
				LastUpgradeCheck = 0510;
				ORGANIZATIONNAME = "William Robinson";
				TargetAttributes = {
					43BF123B18E74BB9009A1C84 = {
						DevelopmentTeam = XEN7DUD59Z;
					};
					43BF125C18E74BB9009A1C84 = {
						TestTargetID = 43BF123B18E74BB9009A1C84;
					};
				};
			};
			buildConfigurationList = 43BF123718E74BB9009A1C84 /* Build configuration list for PBXProject "Typendium" */;
			compatibilityVersion = "Xcode 3.2";
			developmentRegion = English;
			hasScannedForEncodings = 0;
			knownRegions = (
				en,
				Base,
			);
			mainGroup = 43BF123318E74BB9009A1C84;
			productRefGroup = 43BF123D18E74BB9009A1C84 /* Products */;
			projectDirPath = "";
			projectRoot = "";
			targets = (
				43BF123B18E74BB9009A1C84 /* Typendium */,
				43BF125C18E74BB9009A1C84 /* TypendiumTests */,
			);
		};
/* End PBXProject section */

/* Begin PBXResourcesBuildPhase section */
		43BF123A18E74BB9009A1C84 /* Resources */ = {
			isa = PBXResourcesBuildPhase;
			buildActionMask = 2147483647;
			files = (
				43DD1A5818E852C800B43DE3 /* Typendium.plist in Resources */,
				43DD1A5318E8472D00B43DE3 /* Quote.xib in Resources */,
				43F1FB20190510700046A934 /* TypendiumTutorial.mp4 in Resources */,
				4331ECE3192398A3002C1D50 /* MadeIn.xib in Resources */,
				43DD1A5118E8375700B43DE3 /* Title.xib in Resources */,
				43DD1A4418E82B2000B43DE3 /* Paragraph.xib in Resources */,
				43BF125818E74BB9009A1C84 /* Images.xcassets in Resources */,
				435F84471927807C00D6AAEA /* SpecialThanks.xib in Resources */,
				435BB028191E98B100B762CE /* Reference.xib in Resources */,
				433D866C191FB009007EE3F9 /* Section.xib in Resources */,
				43DD1A4618E82EBD00B43DE3 /* Image.xib in Resources */,
				437CD7E218E8C37E00AAD7F6 /* Caption.xib in Resources */,
				43BF124A18E74BB9009A1C84 /* InfoPlist.strings in Resources */,
				433D8667191F681F007EE3F9 /* AboutUs.xib in Resources */,
				43BF125318E74BB9009A1C84 /* Main.storyboard in Resources */,
			);
			runOnlyForDeploymentPostprocessing = 0;
		};
		43BF125B18E74BB9009A1C84 /* Resources */ = {
			isa = PBXResourcesBuildPhase;
			buildActionMask = 2147483647;
			files = (
				43BF126918E74BB9009A1C84 /* InfoPlist.strings in Resources */,
			);
			runOnlyForDeploymentPostprocessing = 0;
		};
/* End PBXResourcesBuildPhase section */

/* Begin PBXSourcesBuildPhase section */
		43BF123818E74BB9009A1C84 /* Sources */ = {
			isa = PBXSourcesBuildPhase;
			buildActionMask = 2147483647;
			files = (
				43BF125618E74BB9009A1C84 /* MainViewController.m in Sources */,
				4331ECE11923988A002C1D50 /* MadeIn.m in Sources */,
				434DB2DA18E9F31200DC8E42 /* InfoViewController.m in Sources */,
				43961CE918FDC269009E399A /* TutorialViewController.m in Sources */,
				433D866F191FB041007EE3F9 /* Section.m in Sources */,
				43BF125018E74BB9009A1C84 /* AppDelegate.m in Sources */,
				439275FB18F09B8D00353437 /* TypendiumText.m in Sources */,
				437CD7E518E8C38A00AAD7F6 /* Caption.m in Sources */,
				435F84451927803B00D6AAEA /* SpecialThanks.m in Sources */,
				43CF7E7C190D64DA0059EFA0 /* NSString+ShareText.m in Sources */,
				43FB18F7191279FC00E5DDF8 /* InfoTextViewController.m in Sources */,
				43DD1A4218E82A0600B43DE3 /* TextViewController.m in Sources */,
				433D866A191F7225007EE3F9 /* AboutUs.m in Sources */,
				4F64EAD218FAC9CF000B0210 /* UIColor+CustomColors.m in Sources */,
				4360D3A81928CE3A003902F3 /* IAPHelper.m in Sources */,
				43DD1A4C18E834AC00B43DE3 /* Title.m in Sources */,
				43BF124C18E74BB9009A1C84 /* main.m in Sources */,
				43DD1A4918E8304700B43DE3 /* Paragraph.m in Sources */,
				4360D3B919293A06003902F3 /* UnlockViewController.m in Sources */,
				43BF127618E74F46009A1C84 /* IntroViewController.m in Sources */,
				4360D3AB1928D1C9003902F3 /* TYPEIAPHelper.m in Sources */,
				432C3FD21917EA6C00C18287 /* TypendiumInfoText.m in Sources */,
				43D025421906C6050044BFBF /* UIColor+ScrollColor.m in Sources */,
				43BF127918E754AB009A1C84 /* MenuViewController.m in Sources */,
				43DD1A5618E8485C00B43DE3 /* Quote.m in Sources */,
				43BF127C18E76DF3009A1C84 /* HistoryViewController.m in Sources */,
				435BB02B191E9D9A00B762CE /* Reference.m in Sources */,
				4360D3AE1928DAF7003902F3 /* IAPProduct.m in Sources */,
				43DD1A4F18E836EF00B43DE3 /* Image.m in Sources */,
			);
			runOnlyForDeploymentPostprocessing = 0;
		};
		43BF125918E74BB9009A1C84 /* Sources */ = {
			isa = PBXSourcesBuildPhase;
			buildActionMask = 2147483647;
			files = (
				43BF126B18E74BBA009A1C84 /* TypendiumTests.m in Sources */,
			);
			runOnlyForDeploymentPostprocessing = 0;
		};
/* End PBXSourcesBuildPhase section */

/* Begin PBXTargetDependency section */
		43BF126318E74BB9009A1C84 /* PBXTargetDependency */ = {
			isa = PBXTargetDependency;
			target = 43BF123B18E74BB9009A1C84 /* Typendium */;
			targetProxy = 43BF126218E74BB9009A1C84 /* PBXContainerItemProxy */;
		};
/* End PBXTargetDependency section */

/* Begin PBXVariantGroup section */
		43BF124818E74BB9009A1C84 /* InfoPlist.strings */ = {
			isa = PBXVariantGroup;
			children = (
				43BF124918E74BB9009A1C84 /* en */,
			);
			name = InfoPlist.strings;
			sourceTree = "<group>";
		};
		43BF125118E74BB9009A1C84 /* Main.storyboard */ = {
			isa = PBXVariantGroup;
			children = (
				43BF125218E74BB9009A1C84 /* Base */,
			);
			name = Main.storyboard;
			sourceTree = "<group>";
		};
		43BF126718E74BB9009A1C84 /* InfoPlist.strings */ = {
			isa = PBXVariantGroup;
			children = (
				43BF126818E74BB9009A1C84 /* en */,
			);
			name = InfoPlist.strings;
			sourceTree = "<group>";
		};
/* End PBXVariantGroup section */

/* Begin XCBuildConfiguration section */
		43BF126C18E74BBA009A1C84 /* Debug */ = {
			isa = XCBuildConfiguration;
			buildSettings = {
				ALWAYS_SEARCH_USER_PATHS = NO;
				CLANG_CXX_LANGUAGE_STANDARD = "gnu++0x";
				CLANG_CXX_LIBRARY = "libc++";
				CLANG_ENABLE_MODULES = YES;
				CLANG_ENABLE_OBJC_ARC = YES;
				CLANG_WARN_BOOL_CONVERSION = YES;
				CLANG_WARN_CONSTANT_CONVERSION = YES;
				CLANG_WARN_DIRECT_OBJC_ISA_USAGE = YES_ERROR;
				CLANG_WARN_EMPTY_BODY = YES;
				CLANG_WARN_ENUM_CONVERSION = YES;
				CLANG_WARN_INT_CONVERSION = YES;
				CLANG_WARN_OBJC_ROOT_CLASS = YES_ERROR;
				CLANG_WARN__DUPLICATE_METHOD_MATCH = YES;
				"CODE_SIGN_IDENTITY[sdk=iphoneos*]" = "iPhone Developer";
				COPY_PHASE_STRIP = NO;
				GCC_C_LANGUAGE_STANDARD = gnu99;
				GCC_DYNAMIC_NO_PIC = NO;
				GCC_OPTIMIZATION_LEVEL = 0;
				GCC_PREPROCESSOR_DEFINITIONS = (
					"DEBUG=1",
					"$(inherited)",
				);
				GCC_SYMBOLS_PRIVATE_EXTERN = NO;
				GCC_WARN_64_TO_32_BIT_CONVERSION = YES;
				GCC_WARN_ABOUT_RETURN_TYPE = YES_ERROR;
				GCC_WARN_UNDECLARED_SELECTOR = YES;
				GCC_WARN_UNINITIALIZED_AUTOS = YES_AGGRESSIVE;
				GCC_WARN_UNUSED_FUNCTION = YES;
				GCC_WARN_UNUSED_VARIABLE = YES;
				IPHONEOS_DEPLOYMENT_TARGET = 7.1;
				ONLY_ACTIVE_ARCH = YES;
				SDKROOT = iphoneos;
			};
			name = Debug;
		};
		43BF126D18E74BBA009A1C84 /* Release */ = {
			isa = XCBuildConfiguration;
			buildSettings = {
				ALWAYS_SEARCH_USER_PATHS = NO;
				CLANG_CXX_LANGUAGE_STANDARD = "gnu++0x";
				CLANG_CXX_LIBRARY = "libc++";
				CLANG_ENABLE_MODULES = YES;
				CLANG_ENABLE_OBJC_ARC = YES;
				CLANG_WARN_BOOL_CONVERSION = YES;
				CLANG_WARN_CONSTANT_CONVERSION = YES;
				CLANG_WARN_DIRECT_OBJC_ISA_USAGE = YES_ERROR;
				CLANG_WARN_EMPTY_BODY = YES;
				CLANG_WARN_ENUM_CONVERSION = YES;
				CLANG_WARN_INT_CONVERSION = YES;
				CLANG_WARN_OBJC_ROOT_CLASS = YES_ERROR;
				CLANG_WARN__DUPLICATE_METHOD_MATCH = YES;
				"CODE_SIGN_IDENTITY[sdk=iphoneos*]" = "iPhone Developer";
				COPY_PHASE_STRIP = YES;
				ENABLE_NS_ASSERTIONS = NO;
				GCC_C_LANGUAGE_STANDARD = gnu99;
				GCC_WARN_64_TO_32_BIT_CONVERSION = YES;
				GCC_WARN_ABOUT_RETURN_TYPE = YES_ERROR;
				GCC_WARN_UNDECLARED_SELECTOR = YES;
				GCC_WARN_UNINITIALIZED_AUTOS = YES_AGGRESSIVE;
				GCC_WARN_UNUSED_FUNCTION = YES;
				GCC_WARN_UNUSED_VARIABLE = YES;
				IPHONEOS_DEPLOYMENT_TARGET = 7.1;
				SDKROOT = iphoneos;
				VALIDATE_PRODUCT = YES;
			};
			name = Release;
		};
		43BF126F18E74BBA009A1C84 /* Debug */ = {
			isa = XCBuildConfiguration;
			buildSettings = {
				ASSETCATALOG_COMPILER_APPICON_NAME = AppIcon;
				ASSETCATALOG_COMPILER_LAUNCHIMAGE_NAME = LaunchImage;
				CODE_SIGN_IDENTITY = "iPhone Developer";
				"CODE_SIGN_IDENTITY[sdk=iphoneos*]" = "iPhone Developer";
				GCC_PRECOMPILE_PREFIX_HEADER = YES;
				GCC_PREFIX_HEADER = "Typendium/Typendium-Prefix.pch";
				INFOPLIST_FILE = "Typendium/Typendium-Info.plist";
				PRODUCT_NAME = "$(TARGET_NAME)";
				PROVISIONING_PROFILE = "";
				WRAPPER_EXTENSION = app;
			};
			name = Debug;
		};
		43BF127018E74BBA009A1C84 /* Release */ = {
			isa = XCBuildConfiguration;
			buildSettings = {
				ASSETCATALOG_COMPILER_APPICON_NAME = AppIcon;
				ASSETCATALOG_COMPILER_LAUNCHIMAGE_NAME = LaunchImage;
				CODE_SIGN_IDENTITY = "iPhone Developer";
				"CODE_SIGN_IDENTITY[sdk=iphoneos*]" = "iPhone Developer";
				GCC_PRECOMPILE_PREFIX_HEADER = YES;
				GCC_PREFIX_HEADER = "Typendium/Typendium-Prefix.pch";
				INFOPLIST_FILE = "Typendium/Typendium-Info.plist";
				PRODUCT_NAME = "$(TARGET_NAME)";
				PROVISIONING_PROFILE = "";
				WRAPPER_EXTENSION = app;
			};
			name = Release;
		};
		43BF127218E74BBA009A1C84 /* Debug */ = {
			isa = XCBuildConfiguration;
			buildSettings = {
				BUNDLE_LOADER = "$(BUILT_PRODUCTS_DIR)/Typendium.app/Typendium";
				FRAMEWORK_SEARCH_PATHS = (
					"$(SDKROOT)/Developer/Library/Frameworks",
					"$(inherited)",
					"$(DEVELOPER_FRAMEWORKS_DIR)",
				);
				GCC_PRECOMPILE_PREFIX_HEADER = YES;
				GCC_PREFIX_HEADER = "Typendium/Typendium-Prefix.pch";
				GCC_PREPROCESSOR_DEFINITIONS = (
					"DEBUG=1",
					"$(inherited)",
				);
				INFOPLIST_FILE = "TypendiumTests/TypendiumTests-Info.plist";
				PRODUCT_NAME = "$(TARGET_NAME)";
				TEST_HOST = "$(BUNDLE_LOADER)";
				WRAPPER_EXTENSION = xctest;
			};
			name = Debug;
		};
		43BF127318E74BBA009A1C84 /* Release */ = {
			isa = XCBuildConfiguration;
			buildSettings = {
				BUNDLE_LOADER = "$(BUILT_PRODUCTS_DIR)/Typendium.app/Typendium";
				FRAMEWORK_SEARCH_PATHS = (
					"$(SDKROOT)/Developer/Library/Frameworks",
					"$(inherited)",
					"$(DEVELOPER_FRAMEWORKS_DIR)",
				);
				GCC_PRECOMPILE_PREFIX_HEADER = YES;
				GCC_PREFIX_HEADER = "Typendium/Typendium-Prefix.pch";
				INFOPLIST_FILE = "TypendiumTests/TypendiumTests-Info.plist";
				PRODUCT_NAME = "$(TARGET_NAME)";
				TEST_HOST = "$(BUNDLE_LOADER)";
				WRAPPER_EXTENSION = xctest;
			};
			name = Release;
		};
/* End XCBuildConfiguration section */

/* Begin XCConfigurationList section */
		43BF123718E74BB9009A1C84 /* Build configuration list for PBXProject "Typendium" */ = {
			isa = XCConfigurationList;
			buildConfigurations = (
				43BF126C18E74BBA009A1C84 /* Debug */,
				43BF126D18E74BBA009A1C84 /* Release */,
			);
			defaultConfigurationIsVisible = 0;
			defaultConfigurationName = Release;
		};
		43BF126E18E74BBA009A1C84 /* Build configuration list for PBXNativeTarget "Typendium" */ = {
			isa = XCConfigurationList;
			buildConfigurations = (
				43BF126F18E74BBA009A1C84 /* Debug */,
				43BF127018E74BBA009A1C84 /* Release */,
			);
			defaultConfigurationIsVisible = 0;
			defaultConfigurationName = Release;
		};
		43BF127118E74BBA009A1C84 /* Build configuration list for PBXNativeTarget "TypendiumTests" */ = {
			isa = XCConfigurationList;
			buildConfigurations = (
				43BF127218E74BBA009A1C84 /* Debug */,
				43BF127318E74BBA009A1C84 /* Release */,
			);
			defaultConfigurationIsVisible = 0;
			defaultConfigurationName = Release;
		};
/* End XCConfigurationList section */
	};
	rootObject = 43BF123418E74BB9009A1C84 /* Project object */;
}
